{
    "_readme": [
        "This file locks the dependencies of your project to a known state",
        "Read more about it at https://getcomposer.org/doc/01-basic-usage.md#composer-lock-the-lock-file",
        "This file is @generated automatically"
    ],
    "content-hash": "a4a8c12c84b41741ef6faf01d8f788dd",
    "packages": [
        {
            "name": "orbitale/imagemagick-php",
            "version": "v1.6.1",
            "source": {
                "type": "git",
                "url": "https://github.com/Orbitale/ImageMagickPHP.git",
                "reference": "fba670f54fccfb951bb6b972c2fb160627d58846"
            },
            "dist": {
                "type": "zip",
                "url": "https://api.github.com/repos/Orbitale/ImageMagickPHP/zipball/fba670f54fccfb951bb6b972c2fb160627d58846",
                "reference": "fba670f54fccfb951bb6b972c2fb160627d58846",
                "shasum": ""
            },
            "require": {
                "php": ">=5.4",
                "symfony/filesystem": "~2.3|~3.0",
                "symfony/process": "~2.3|~3.0",
                "symfony/yaml": "~2.3|~3.0"
            },
            "require-dev": {
                "phpunit/phpunit": "^4.8|^5.0"
            },
            "type": "library",
            "autoload": {
                "psr-4": {
                    "Orbitale\\Component\\ImageMagick\\": ""
                }
            },
            "notification-url": "https://packagist.org/downloads/",
            "license": [
                "MIT"
            ],
            "authors": [
                {
                    "name": "Alex Rock Ancelet",
                    "email": "alex@orbitale.io",
                    "homepage": "http://www.orbitale.io/"
                }
            ],
            "description": "A system that allows creating commands to send to the exec() function to use ImageMagick's powerful features.",
            "homepage": "https://github.com/Orbitale/ImageMagickPHP",
            "keywords": [
                "ImageMagick",
                "converter",
                "gd",
                "image",
                "imagick"
            ],
            "time": "2018-01-19T16:02:38+00:00"
        },
        {
            "name": "symfony/filesystem",
            "version": "v2.8.37",
            "source": {
                "type": "git",
                "url": "https://github.com/symfony/filesystem.git",
                "reference": "125403a59e4cb4e3ebf46d0162fabcde613d2b97"
            },
            "dist": {
                "type": "zip",
                "url": "https://api.github.com/repos/symfony/filesystem/zipball/125403a59e4cb4e3ebf46d0162fabcde613d2b97",
                "reference": "125403a59e4cb4e3ebf46d0162fabcde613d2b97",
                "shasum": ""
            },
            "require": {
                "php": ">=5.3.9"
            },
            "type": "library",
            "extra": {
                "branch-alias": {
                    "dev-master": "2.8-dev"
                }
            },
            "autoload": {
                "psr-4": {
                    "Symfony\\Component\\Filesystem\\": ""
                },
                "exclude-from-classmap": [
                    "/Tests/"
                ]
            },
            "notification-url": "https://packagist.org/downloads/",
            "license": [
                "MIT"
            ],
            "authors": [
                {
                    "name": "Fabien Potencier",
                    "email": "fabien@symfony.com"
                },
                {
                    "name": "Symfony Community",
                    "homepage": "https://symfony.com/contributors"
                }
            ],
            "description": "Symfony Filesystem Component",
            "homepage": "https://symfony.com",
            "time": "2018-02-19T16:23:47+00:00"
        },
        {
            "name": "symfony/process",
            "version": "v2.8.37",
            "source": {
                "type": "git",
                "url": "https://github.com/symfony/process.git",
                "reference": "c2fc900ee54e1e44aa956eae8ba041a5347ba93c"
            },
            "dist": {
                "type": "zip",
                "url": "https://api.github.com/repos/symfony/process/zipball/c2fc900ee54e1e44aa956eae8ba041a5347ba93c",
                "reference": "c2fc900ee54e1e44aa956eae8ba041a5347ba93c",
                "shasum": ""
            },
            "require": {
                "php": ">=5.3.9"
            },
            "type": "library",
            "extra": {
                "branch-alias": {
                    "dev-master": "2.8-dev"
                }
            },
            "autoload": {
                "psr-4": {
                    "Symfony\\Component\\Process\\": ""
                },
                "exclude-from-classmap": [
                    "/Tests/"
                ]
            },
            "notification-url": "https://packagist.org/downloads/",
            "license": [
                "MIT"
            ],
            "authors": [
                {
                    "name": "Fabien Potencier",
                    "email": "fabien@symfony.com"
                },
                {
                    "name": "Symfony Community",
                    "homepage": "https://symfony.com/contributors"
                }
            ],
            "description": "Symfony Process Component",
            "homepage": "https://symfony.com",
            "time": "2018-03-19T21:11:56+00:00"
        },
        {
            "name": "symfony/yaml",
            "version": "v2.8.37",
            "source": {
                "type": "git",
                "url": "https://github.com/symfony/yaml.git",
                "reference": "be720fcfae4614df204190d57795351059946a77"
            },
            "dist": {
                "type": "zip",
                "url": "https://api.github.com/repos/symfony/yaml/zipball/be720fcfae4614df204190d57795351059946a77",
                "reference": "be720fcfae4614df204190d57795351059946a77",
                "shasum": ""
            },
            "require": {
                "php": ">=5.3.9"
            },
            "type": "library",
            "extra": {
                "branch-alias": {
                    "dev-master": "2.8-dev"
                }
            },
            "autoload": {
                "psr-4": {
                    "Symfony\\Component\\Yaml\\": ""
                },
                "exclude-from-classmap": [
                    "/Tests/"
                ]
            },
            "notification-url": "https://packagist.org/downloads/",
            "license": [
                "MIT"
            ],
            "authors": [
                {
                    "name": "Fabien Potencier",
                    "email": "fabien@symfony.com"
                },
                {
                    "name": "Symfony Community",
                    "homepage": "https://symfony.com/contributors"
                }
            ],
            "description": "Symfony Yaml Component",
            "homepage": "https://symfony.com",
            "time": "2018-01-03T07:36:31+00:00"
        }
    ],
    "packages-dev": [],
    "aliases": [],
    "minimum-stability": "stable",
    "stability-flags": [],
    "prefer-stable": false,
    "prefer-lowest": false,
    "platform": [],
    "platform-dev": []
}
